{
  "name": "demo",
  "version": "1.0.0",
  "lockfileVersion": 1,
  "requires": true,
  "dependencies": {
    "@webcomponents/webcomponentsjs": {
      "version": "2.4.3",
      "resolved": "https://registry.npmjs.org/@webcomponents/webcomponentsjs/-/webcomponentsjs-2.4.3.tgz",
      "integrity": "sha512-cV4+sAmshf8ysU2USutrSRYQkJzEYKHsRCGa0CkMElGpG5747VHtkfsW3NdVIBV/m2MDKXTDydT4lkrysH7IFA==",
      "dev": true
    },
    "elm-rte-toolkit": {
      "version": "1.0.1",
      "resolved": "https://registry.npmjs.org/elm-rte-toolkit/-/elm-rte-toolkit-1.0.1.tgz",
      "integrity": "sha512-ctoXiE40xeRTRw5xty4WXaITXcvPAE4El2okngvqIQa23k/Ijn1cIPsMk7UNEBKYqrlWXoaqHHyn7VUvQpLNcQ=="
    }
  }
}
